version = 1
revision = 3
requires-python = ">=3.12"

[[package]]
name = "debugpy"
version = "1.8.19"
source = { registry = "https://pypi.org/simple" }
sdist = { url = "https://files.pythonhosted.org/packages/73/75/9e12d4d42349b817cd545b89247696c67917aab907012ae5b64bbfea3199/debugpy-1.8.19.tar.gz", hash = "sha256:eea7e5987445ab0b5ed258093722d5ecb8bb72217c5c9b1e21f64efe23ddebdb", size = 1644590, upload-time = "2025-12-15T21:53:28.044Z" }
wheels = [
    { url = "https://files.pythonhosted.org/packages/4a/15/d762e5263d9e25b763b78be72dc084c7a32113a0bac119e2f7acae7700ed/debugpy-1.8.19-cp312-cp312-macosx_15_0_universal2.whl", hash = "sha256:bccb1540a49cde77edc7ce7d9d075c1dbeb2414751bc0048c7a11e1b597a4c2e", size = 2549995, upload-time = "2025-12-15T21:53:43.773Z" },
    { url = "https://files.pythonhosted.org/packages/a7/88/f7d25c68b18873b7c53d7c156ca7a7ffd8e77073aa0eac170a9b679cf786/debugpy-1.8.19-cp312-cp312-manylinux_2_34_x86_64.whl", hash = "sha256:e9c68d9a382ec754dc05ed1d1b4ed5bd824b9f7c1a8cd1083adb84b3c93501de", size = 4309891, upload-time = "2025-12-15T21:53:45.26Z" },
    { url = "https://files.pythonhosted.org/packages/c5/4f/a65e973aba3865794da65f71971dca01ae66666132c7b2647182d5be0c5f/debugpy-1.8.19-cp312-cp312-win32.whl", hash = "sha256:6599cab8a783d1496ae9984c52cb13b7c4a3bd06a8e6c33446832a5d97ce0bee", size = 5286355, upload-time = "2025-12-15T21:53:46.763Z" },
    { url = "https://files.pythonhosted.org/packages/d8/3a/d3d8b48fec96e3d824e404bf428276fb8419dfa766f78f10b08da1cb2986/debugpy-1.8.19-cp312-cp312-win_amd64.whl", hash = "sha256:66e3d2fd8f2035a8f111eb127fa508469dfa40928a89b460b41fd988684dc83d", size = 5328239, upload-time = "2025-12-15T21:53:48.868Z" },
    { url = "https://files.pythonhosted.org/packages/71/3d/388035a31a59c26f1ecc8d86af607d0c42e20ef80074147cd07b180c4349/debugpy-1.8.19-cp313-cp313-macosx_15_0_universal2.whl", hash = "sha256:91e35db2672a0abaf325f4868fcac9c1674a0d9ad9bb8a8c849c03a5ebba3e6d", size = 2538859, upload-time = "2025-12-15T21:53:50.478Z" },
    { url = "https://files.pythonhosted.org/packages/4a/19/c93a0772d0962294f083dbdb113af1a7427bb632d36e5314297068f55db7/debugpy-1.8.19-cp313-cp313-manylinux_2_34_x86_64.whl", hash = "sha256:85016a73ab84dea1c1f1dcd88ec692993bcbe4532d1b49ecb5f3c688ae50c606", size = 4292575, upload-time = "2025-12-15T21:53:51.821Z" },
    { url = "https://files.pythonhosted.org/packages/5c/56/09e48ab796b0a77e3d7dc250f95251832b8bf6838c9632f6100c98bdf426/debugpy-1.8.19-cp313-cp313-win32.whl", hash = "sha256:b605f17e89ba0ecee994391194285fada89cee111cfcd29d6f2ee11cbdc40976", size = 5286209, upload-time = "2025-12-15T21:53:53.602Z" },
    { url = "https://files.pythonhosted.org/packages/fb/4e/931480b9552c7d0feebe40c73725dd7703dcc578ba9efc14fe0e6d31cfd1/debugpy-1.8.19-cp313-cp313-win_amd64.whl", hash = "sha256:c30639998a9f9cd9699b4b621942c0179a6527f083c72351f95c6ab1728d5b73", size = 5328206, upload-time = "2025-12-15T21:53:55.433Z" },
    { url = "https://files.pythonhosted.org/packages/f6/b9/cbec520c3a00508327476c7fce26fbafef98f412707e511eb9d19a2ef467/debugpy-1.8.19-cp314-cp314-macosx_15_0_universal2.whl", hash = "sha256:1e8c4d1bd230067bf1bbcdbd6032e5a57068638eb28b9153d008ecde288152af", size = 2537372, upload-time = "2025-12-15T21:53:57.318Z" },
    { url = "https://files.pythonhosted.org/packages/88/5e/cf4e4dc712a141e10d58405c58c8268554aec3c35c09cdcda7535ff13f76/debugpy-1.8.19-cp314-cp314-manylinux_2_34_x86_64.whl", hash = "sha256:d40c016c1f538dbf1762936e3aeb43a89b965069d9f60f9e39d35d9d25e6b809", size = 4268729, upload-time = "2025-12-15T21:53:58.712Z" },
    { url = "https://files.pythonhosted.org/packages/82/a3/c91a087ab21f1047db328c1d3eb5d1ff0e52de9e74f9f6f6fa14cdd93d58/debugpy-1.8.19-cp314-cp314-win32.whl", hash = "sha256:0601708223fe1cd0e27c6cce67a899d92c7d68e73690211e6788a4b0e1903f5b", size = 5286388, upload-time = "2025-12-15T21:54:00.687Z" },
    { url = "https://files.pythonhosted.org/packages/17/b8/bfdc30b6e94f1eff09f2dc9cc1f9cd1c6cde3d996bcbd36ce2d9a4956e99/debugpy-1.8.19-cp314-cp314-win_amd64.whl", hash = "sha256:8e19a725f5d486f20e53a1dde2ab8bb2c9607c40c00a42ab646def962b41125f", size = 5327741, upload-time = "2025-12-15T21:54:02.148Z" },
    { url = "https://files.pythonhosted.org/packages/25/3e/e27078370414ef35fafad2c06d182110073daaeb5d3bf734b0b1eeefe452/debugpy-1.8.19-py2.py3-none-any.whl", hash = "sha256:360ffd231a780abbc414ba0f005dad409e71c78637efe8f2bd75837132a41d38", size = 5292321, upload-time = "2025-12-15T21:54:16.024Z" },
]

[[package]]
name = "gmsh"
version = "4.15.0"
source = { registry = "https://pypi.org/simple" }
wheels = [
    { url = "https://files.pythonhosted.org/packages/d6/95/01df2f928b4498bd4705c5cf81b0ed191b6d3b6ce4eaa6fddf6890f4f7cd/gmsh-4.15.0-py2.py3-none-macosx_10_15_x86_64.whl", hash = "sha256:1a7951836982f97e21e8b2de106fe1e8455cde53719191a3950784b56e2606af", size = 40170061, upload-time = "2025-10-26T20:30:21.097Z" },
    { url = "https://files.pythonhosted.org/packages/29/a4/b1e9b4997c6f4a29fb8a9736851430bf306701e5f7f1266eafc1f860cbfe/gmsh-4.15.0-py2.py3-none-macosx_12_0_arm64.whl", hash = "sha256:042f76562244dfbad46edfeacaa092c8c95a9df8fb4fd7611771477f0031be0d", size = 36425180, upload-time = "2025-10-26T20:30:25.241Z" },
    { url = "https://files.pythonhosted.org/packages/63/22/27f88a5a1c48b833c5893a23b71cf74b5270fac82d88e337ec2c138e8853/gmsh-4.15.0-py2.py3-none-manylinux_2_24_x86_64.whl", hash = "sha256:998527cb172f2529c6beca7334a6ca788fa54fbb3d4f817deb0903005d49344d", size = 40003017, upload-time = "2025-10-26T20:30:28.718Z" },
    { url = "https://files.pythonhosted.org/packages/23/51/21175eb9c6a592431a5c87f288ce447af1cea68a6ad4169765dc7ab7a9e7/gmsh-4.15.0-py2.py3-none-win_amd64.whl", hash = "sha256:a5b9867f88af59aff269a93abbd009551fbc263eb94a165a25a0c8072bae13db", size = 42233991, upload-time = "2025-10-26T20:30:32.722Z" },
]

[[package]]
name = "opsidian"
version = "0.1.0"
source = { virtual = "." }
dependencies = [
    { name = "debugpy" },
    { name = "gmsh" },
]

[package.metadata]
requires-dist = [
    { name = "debugpy", specifier = ">=1.8.19" },
    { name = "gmsh", specifier = ">=4.15.0" },
]
